# THIS IS AN AUTOGENERATED FILE. DO NOT EDIT THIS FILE DIRECTLY.
# yarn lockfile v1


"reselect@^5.1.0":
  "integrity" "sha512-aw7jcGLDpSgNDyWBQLv2cedml85qd95/iszJjN988zX1t7AVRJi19d9kto5+W7oCfQ94gyo40dVbT6g2k4/kXg=="
  "resolved" "https://registry.npmjs.org/reselect/-/reselect-5.1.0.tgz"
  "version" "5.1.0"
